
Microsoft Visual Studio Solution File, Format Version 12.00
# Visual Studio 15
VisualStudioVersion = 15.0.27703.2042
MinimumVisualStudioVersion = 10.0.40219.1
Project("{FAE04EC0-301F-11D3-BF4B-00C04F79EFBC}") = "WatsonTravelAssistant.Android", "WatsonTravelAssistant\WatsonTravelAssistant.Android\WatsonTravelAssistant.Android.csproj", "{73DFB212-8FEF-4A35-93C4-CBAA6DCC6DE8}"
EndProject
Project("{FAE04EC0-301F-11D3-BF4B-00C04F79EFBC}") = "WatsonTravelAssistant.iOS", "WatsonTravelAssistant\WatsonTravelAssistant.iOS\WatsonTravelAssistant.iOS.csproj", "{BCD9AF2B-7617-4D81-8CAF-AB03D06615DB}"
EndProject
Project("{9A19103F-16F7-4668-BE54-9A1E7A4F7556}") = "WatsonTravelAssistant", "WatsonTravelAssistant\WatsonTravelAssistant\WatsonTravelAssistant.csproj", "{E52AF057-232D-4677-81F6-87CE614301D3}"
EndProject
Global
	GlobalSection(SolutionConfigurationPlatforms) = preSolution
		Ad-Hoc|Any CPU = Ad-Hoc|Any CPU
		Ad-Hoc|iPhone = Ad-Hoc|iPhone
		Ad-Hoc|iPhoneSimulator = Ad-Hoc|iPhoneSimulator
		AppStore|Any CPU = AppStore|Any CPU
		AppStore|iPhone = AppStore|iPhone
		AppStore|iPhoneSimulator = AppStore|iPhoneSimulator
		Debug|Any CPU = Debug|Any CPU
		Debug|iPhone = Debug|iPhone
		Debug|iPhoneSimulator = Debug|iPhoneSimulator
		Release|Any CPU = Release|Any CPU
		Release|iPhone = Release|iPhone
		Release|iPhoneSimulator = Release|iPhoneSimulator
	EndGlobalSection
	GlobalSection(ProjectConfigurationPlatforms) = postSolution
		{73DFB212-8FEF-4A35-93C4-CBAA6DCC6DE8}.Ad-Hoc|Any CPU.ActiveCfg = Release|Any CPU
		{73DFB212-8FEF-4A35-93C4-CBAA6DCC6DE8}.Ad-Hoc|Any CPU.Build.0 = Release|Any CPU
		{73DFB212-8FEF-4A35-93C4-CBAA6DCC6DE8}.Ad-Hoc|Any CPU.Deploy.0 = Release|Any CPU
		{73DFB212-8FEF-4A35-93C4-CBAA6DCC6DE8}.Ad-Hoc|iPhone.ActiveCfg = Release|Any CPU
		{73DFB212-8FEF-4A35-93C4-CBAA6DCC6DE8}.Ad-Hoc|iPhone.Build.0 = Release|Any CPU
		{73DFB212-8FEF-4A35-93C4-CBAA6DCC6DE8}.Ad-Hoc|iPhone.Deploy.0 = Release|Any CPU
		{73DFB212-8FEF-4A35-93C4-CBAA6DCC6DE8}.Ad-Hoc|iPhoneSimulator.ActiveCfg = Release|Any CPU
		{73DFB212-8FEF-4A35-93C4-CBAA6DCC6DE8}.Ad-Hoc|iPhoneSimulator.Build.0 = Release|Any CPU
		{73DFB212-8FEF-4A35-93C4-CBAA6DCC6DE8}.Ad-Hoc|iPhoneSimulator.Deploy.0 = Release|Any CPU
		{73DFB212-8FEF-4A35-93C4-CBAA6DCC6DE8}.AppStore|Any CPU.ActiveCfg = Release|Any CPU
		{73DFB212-8FEF-4A35-93C4-CBAA6DCC6DE8}.AppStore|Any CPU.Build.0 = Release|Any CPU
		{73DFB212-8FEF-4A35-93C4-CBAA6DCC6DE8}.AppStore|Any CPU.Deploy.0 = Release|Any CPU
		{73DFB212-8FEF-4A35-93C4-CBAA6DCC6DE8}.AppStore|iPhone.ActiveCfg = Release|Any CPU
		{73DFB212-8FEF-4A35-93C4-CBAA6DCC6DE8}.AppStore|iPhone.Build.0 = Release|Any CPU
		{73DFB212-8FEF-4A35-93C4-CBAA6DCC6DE8}.AppStore|iPhone.Deploy.0 = Release|Any CPU
		{73DFB212-8FEF-4A35-93C4-CBAA6DCC6DE8}.AppStore|iPhoneSimulator.ActiveCfg = Release|Any CPU
		{73DFB212-8FEF-4A35-93C4-CBAA6DCC6DE8}.AppStore|iPhoneSimulator.Build.0 = Release|Any CPU
		{73DFB212-8FEF-4A35-93C4-CBAA6DCC6DE8}.AppStore|iPhoneSimulator.Deploy.0 = Release|Any CPU
		{73DFB212-8FEF-4A35-93C4-CBAA6DCC6DE8}.Debug|Any CPU.ActiveCfg = Debug|Any CPU
		{73DFB212-8FEF-4A35-93C4-CBAA6DCC6DE8}.Debug|Any CPU.Build.0 = Debug|Any CPU
		{73DFB212-8FEF-4A35-93C4-CBAA6DCC6DE8}.Debug|Any CPU.Deploy.0 = Debug|Any CPU
		{73DFB212-8FEF-4A35-93C4-CBAA6DCC6DE8}.Debug|iPhone.ActiveCfg = Debug|Any CPU
		{73DFB212-8FEF-4A35-93C4-CBAA6DCC6DE8}.Debug|iPhone.Build.0 = Debug|Any CPU
		{73DFB212-8FEF-4A35-93C4-CBAA6DCC6DE8}.Debug|iPhone.Deploy.0 = Debug|Any CPU
		{73DFB212-8FEF-4A35-93C4-CBAA6DCC6DE8}.Debug|iPhoneSimulator.ActiveCfg = Debug|Any CPU
		{73DFB212-8FEF-4A35-93C4-CBAA6DCC6DE8}.Debug|iPhoneSimulator.Build.0 = Debug|Any CPU
		{73DFB212-8FEF-4A35-93C4-CBAA6DCC6DE8}.Debug|iPhoneSimulator.Deploy.0 = Debug|Any CPU
		{73DFB212-8FEF-4A35-93C4-CBAA6DCC6DE8}.Release|Any CPU.ActiveCfg = Release|Any CPU
		{73DFB212-8FEF-4A35-93C4-CBAA6DCC6DE8}.Release|Any CPU.Build.0 = Release|Any CPU
		{73DFB212-8FEF-4A35-93C4-CBAA6DCC6DE8}.Release|Any CPU.Deploy.0 = Release|Any CPU
		{73DFB212-8FEF-4A35-93C4-CBAA6DCC6DE8}.Release|iPhone.ActiveCfg = Release|Any CPU
		{73DFB212-8FEF-4A35-93C4-CBAA6DCC6DE8}.Release|iPhone.Build.0 = Release|Any CPU
		{73DFB212-8FEF-4A35-93C4-CBAA6DCC6DE8}.Release|iPhone.Deploy.0 = Release|Any CPU
		{73DFB212-8FEF-4A35-93C4-CBAA6DCC6DE8}.Release|iPhoneSimulator.ActiveCfg = Release|Any CPU
		{73DFB212-8FEF-4A35-93C4-CBAA6DCC6DE8}.Release|iPhoneSimulator.Build.0 = Release|Any CPU
		{73DFB212-8FEF-4A35-93C4-CBAA6DCC6DE8}.Release|iPhoneSimulator.Deploy.0 = Release|Any CPU
		{BCD9AF2B-7617-4D81-8CAF-AB03D06615DB}.Ad-Hoc|Any CPU.ActiveCfg = Ad-Hoc|iPhone
		{BCD9AF2B-7617-4D81-8CAF-AB03D06615DB}.Ad-Hoc|Any CPU.Build.0 = Ad-Hoc|iPhone
		{BCD9AF2B-7617-4D81-8CAF-AB03D06615DB}.Ad-Hoc|Any CPU.Deploy.0 = Ad-Hoc|iPhone
		{BCD9AF2B-7617-4D81-8CAF-AB03D06615DB}.Ad-Hoc|iPhone.ActiveCfg = Ad-Hoc|iPhone
		{BCD9AF2B-7617-4D81-8CAF-AB03D06615DB}.Ad-Hoc|iPhone.Build.0 = Ad-Hoc|iPhone
		{BCD9AF2B-7617-4D81-8CAF-AB03D06615DB}.Ad-Hoc|iPhone.Deploy.0 = Ad-Hoc|iPhone
		{BCD9AF2B-7617-4D81-8CAF-AB03D06615DB}.Ad-Hoc|iPhoneSimulator.ActiveCfg = Ad-Hoc|iPhoneSimulator
		{BCD9AF2B-7617-4D81-8CAF-AB03D06615DB}.Ad-Hoc|iPhoneSimulator.Build.0 = Ad-Hoc|iPhoneSimulator
		{BCD9AF2B-7617-4D81-8CAF-AB03D06615DB}.Ad-Hoc|iPhoneSimulator.Deploy.0 = Ad-Hoc|iPhoneSimulator
		{BCD9AF2B-7617-4D81-8CAF-AB03D06615DB}.AppStore|Any CPU.ActiveCfg = AppStore|iPhone
		{BCD9AF2B-7617-4D81-8CAF-AB03D06615DB}.AppStore|Any CPU.Build.0 = AppStore|iPhone
		{BCD9AF2B-7617-4D81-8CAF-AB03D06615DB}.AppStore|Any CPU.Deploy.0 = AppStore|iPhone
		{BCD9AF2B-7617-4D81-8CAF-AB03D06615DB}.AppStore|iPhone.ActiveCfg = AppStore|iPhone
		{BCD9AF2B-7617-4D81-8CAF-AB03D06615DB}.AppStore|iPhone.Build.0 = AppStore|iPhone
		{BCD9AF2B-7617-4D81-8CAF-AB03D06615DB}.AppStore|iPhone.Deploy.0 = AppStore|iPhone
		{BCD9AF2B-7617-4D81-8CAF-AB03D06615DB}.AppStore|iPhoneSimulator.ActiveCfg = AppStore|iPhoneSimulator
		{BCD9AF2B-7617-4D81-8CAF-AB03D06615DB}.AppStore|iPhoneSimulator.Build.0 = AppStore|iPhoneSimulator
		{BCD9AF2B-7617-4D81-8CAF-AB03D06615DB}.AppStore|iPhoneSimulator.Deploy.0 = AppStore|iPhoneSimulator
		{BCD9AF2B-7617-4D81-8CAF-AB03D06615DB}.Debug|Any CPU.ActiveCfg = Debug|iPhoneSimulator
		{BCD9AF2B-7617-4D81-8CAF-AB03D06615DB}.Debug|Any CPU.Build.0 = Debug|iPhoneSimulator
		{BCD9AF2B-7617-4D81-8CAF-AB03D06615DB}.Debug|Any CPU.Deploy.0 = Debug|iPhoneSimulator
		{BCD9AF2B-7617-4D81-8CAF-AB03D06615DB}.Debug|iPhone.ActiveCfg = Debug|iPhone
		{BCD9AF2B-7617-4D81-8CAF-AB03D06615DB}.Debug|iPhone.Build.0 = Debug|iPhone
		{BCD9AF2B-7617-4D81-8CAF-AB03D06615DB}.Debug|iPhone.Deploy.0 = Debug|iPhone
		{BCD9AF2B-7617-4D81-8CAF-AB03D06615DB}.Debug|iPhoneSimulator.ActiveCfg = Debug|iPhoneSimulator
		{BCD9AF2B-7617-4D81-8CAF-AB03D06615DB}.Debug|iPhoneSimulator.Build.0 = Debug|iPhoneSimulator
		{BCD9AF2B-7617-4D81-8CAF-AB03D06615DB}.Debug|iPhoneSimulator.Deploy.0 = Debug|iPhoneSimulator
		{BCD9AF2B-7617-4D81-8CAF-AB03D06615DB}.Release|Any CPU.ActiveCfg = Release|iPhone
		{BCD9AF2B-7617-4D81-8CAF-AB03D06615DB}.Release|Any CPU.Build.0 = Release|iPhone
		{BCD9AF2B-7617-4D81-8CAF-AB03D06615DB}.Release|Any CPU.Deploy.0 = Release|iPhone
		{BCD9AF2B-7617-4D81-8CAF-AB03D06615DB}.Release|iPhone.ActiveCfg = Release|iPhone
		{BCD9AF2B-7617-4D81-8CAF-AB03D06615DB}.Release|iPhone.Build.0 = Release|iPhone
		{BCD9AF2B-7617-4D81-8CAF-AB03D06615DB}.Release|iPhone.Deploy.0 = Release|iPhone
		{BCD9AF2B-7617-4D81-8CAF-AB03D06615DB}.Release|iPhoneSimulator.ActiveCfg = Release|iPhoneSimulator
		{BCD9AF2B-7617-4D81-8CAF-AB03D06615DB}.Release|iPhoneSimulator.Build.0 = Release|iPhoneSimulator
		{BCD9AF2B-7617-4D81-8CAF-AB03D06615DB}.Release|iPhoneSimulator.Deploy.0 = Release|iPhoneSimulator
		{E52AF057-232D-4677-81F6-87CE614301D3}.Ad-Hoc|Any CPU.ActiveCfg = Debug|Any CPU
		{E52AF057-232D-4677-81F6-87CE614301D3}.Ad-Hoc|Any CPU.Build.0 = Debug|Any CPU
		{E52AF057-232D-4677-81F6-87CE614301D3}.Ad-Hoc|Any CPU.Deploy.0 = Debug|Any CPU
		{E52AF057-232D-4677-81F6-87CE614301D3}.Ad-Hoc|iPhone.ActiveCfg = Debug|Any CPU
		{E52AF057-232D-4677-81F6-87CE614301D3}.Ad-Hoc|iPhone.Build.0 = Debug|Any CPU
		{E52AF057-232D-4677-81F6-87CE614301D3}.Ad-Hoc|iPhone.Deploy.0 = Debug|Any CPU
		{E52AF057-232D-4677-81F6-87CE614301D3}.Ad-Hoc|iPhoneSimulator.ActiveCfg = Debug|Any CPU
		{E52AF057-232D-4677-81F6-87CE614301D3}.Ad-Hoc|iPhoneSimulator.Build.0 = Debug|Any CPU
		{E52AF057-232D-4677-81F6-87CE614301D3}.Ad-Hoc|iPhoneSimulator.Deploy.0 = Debug|Any CPU
		{E52AF057-232D-4677-81F6-87CE614301D3}.AppStore|Any CPU.ActiveCfg = Debug|Any CPU
		{E52AF057-232D-4677-81F6-87CE614301D3}.AppStore|Any CPU.Build.0 = Debug|Any CPU
		{E52AF057-232D-4677-81F6-87CE614301D3}.AppStore|Any CPU.Deploy.0 = Debug|Any CPU
		{E52AF057-232D-4677-81F6-87CE614301D3}.AppStore|iPhone.ActiveCfg = Debug|Any CPU
		{E52AF057-232D-4677-81F6-87CE614301D3}.AppStore|iPhone.Build.0 = Debug|Any CPU
		{E52AF057-232D-4677-81F6-87CE614301D3}.AppStore|iPhone.Deploy.0 = Debug|Any CPU
		{E52AF057-232D-4677-81F6-87CE614301D3}.AppStore|iPhoneSimulator.ActiveCfg = Debug|Any CPU
		{E52AF057-232D-4677-81F6-87CE614301D3}.AppStore|iPhoneSimulator.Build.0 = Debug|Any CPU
		{E52AF057-232D-4677-81F6-87CE614301D3}.AppStore|iPhoneSimulator.Deploy.0 = Debug|Any CPU
		{E52AF057-232D-4677-81F6-87CE614301D3}.Debug|Any CPU.ActiveCfg = Debug|Any CPU
		{E52AF057-232D-4677-81F6-87CE614301D3}.Debug|Any CPU.Build.0 = Debug|Any CPU
		{E52AF057-232D-4677-81F6-87CE614301D3}.Debug|Any CPU.Deploy.0 = Debug|Any CPU
		{E52AF057-232D-4677-81F6-87CE614301D3}.Debug|iPhone.ActiveCfg = Debug|Any CPU
		{E52AF057-232D-4677-81F6-87CE614301D3}.Debug|iPhone.Build.0 = Debug|Any CPU
		{E52AF057-232D-4677-81F6-87CE614301D3}.Debug|iPhone.Deploy.0 = Debug|Any CPU
		{E52AF057-232D-4677-81F6-87CE614301D3}.Debug|iPhoneSimulator.ActiveCfg = Debug|Any CPU
		{E52AF057-232D-4677-81F6-87CE614301D3}.Debug|iPhoneSimulator.Build.0 = Debug|Any CPU
		{E52AF057-232D-4677-81F6-87CE614301D3}.Debug|iPhoneSimulator.Deploy.0 = Debug|Any CPU
		{E52AF057-232D-4677-81F6-87CE614301D3}.Release|Any CPU.ActiveCfg = Release|Any CPU
		{E52AF057-232D-4677-81F6-87CE614301D3}.Release|Any CPU.Build.0 = Release|Any CPU
		{E52AF057-232D-4677-81F6-87CE614301D3}.Release|Any CPU.Deploy.0 = Release|Any CPU
		{E52AF057-232D-4677-81F6-87CE614301D3}.Release|iPhone.ActiveCfg = Release|Any CPU
		{E52AF057-232D-4677-81F6-87CE614301D3}.Release|iPhone.Build.0 = Release|Any CPU
		{E52AF057-232D-4677-81F6-87CE614301D3}.Release|iPhone.Deploy.0 = Release|Any CPU
		{E52AF057-232D-4677-81F6-87CE614301D3}.Release|iPhoneSimulator.ActiveCfg = Release|Any CPU
		{E52AF057-232D-4677-81F6-87CE614301D3}.Release|iPhoneSimulator.Build.0 = Release|Any CPU
		{E52AF057-232D-4677-81F6-87CE614301D3}.Release|iPhoneSimulator.Deploy.0 = Release|Any CPU
	EndGlobalSection
	GlobalSection(SolutionProperties) = preSolution
		HideSolutionNode = FALSE
	EndGlobalSection
	GlobalSection(ExtensibilityGlobals) = postSolution
		SolutionGuid = {6B37BAAA-37EF-470D-B5D6-F8A9CF8FD430}
	EndGlobalSection
EndGlobal
